<?xml version="1.0" encoding="utf-8"?>
<Project ToolsVersion="4.0" xmlns="http://schemas.microsoft.com/developer/msbuild/2003">
  <ItemGroup>
    <Filter Include="Source Files">
      <UniqueIdentifier>{4FC737F1-C7A5-4376-A066-2A32D752A2FF}</UniqueIdentifier>
      <Extensions>cpp;c;cc;cxx;c++;cppm;ixx;def;odl;idl;hpj;bat;asm;asmx</Extensions>
    </Filter>
    <Filter Include="Header Files">
      <UniqueIdentifier>{93995380-89BD-4b04-88EB-625FBE52EBFB}</UniqueIdentifier>
      <Extensions>h;hh;hpp;hxx;h++;hm;inl;inc;ipp;xsd</Extensions>
    </Filter>
    <Filter Include="Resource Files">
      <UniqueIdentifier>{67DA6AB6-F800-4c08-8B7A-83BB121AAD01}</UniqueIdentifier>
      <Extensions>rc;ico;cur;bmp;dlg;rc2;rct;bin;rgs;gif;jpg;jpeg;jpe;resx;tiff;tif;png;wav;mfcribbon-ms</Extensions>
    </Filter>
    <Filter Include="SubCommands">
      <UniqueIdentifier>{21a98997-56c1-4d4a-bd9a-d072ef9e5de4}</UniqueIdentifier>
    </Filter>
    <Filter Include="SubComponents">
      <UniqueIdentifier>{a46d70ff-f674-46da-b0e1-8a6376fd826c}</UniqueIdentifier>
    </Filter>
    <Filter Include="SubDisplays">
      <UniqueIdentifier>{f30e8f0d-9f6e-425d-9ffe-9e1a1673dd3e}</UniqueIdentifier>
    </Filter>
    <Filter Include="GameState">
      <UniqueIdentifier>{3f03dca3-92c4-421f-b4bf-c1639b9073c6}</UniqueIdentifier>
    </Filter>
    <Filter Include="SubComponents\EmenyComponents">
      <UniqueIdentifier>{e63fda7b-e1e3-495b-b66f-4f528593fa65}</UniqueIdentifier>
    </Filter>
    <Filter Include="SubComponents\BombComponents">
      <UniqueIdentifier>{db293608-dd3a-4829-9d41-f2611bf50ca8}</UniqueIdentifier>
    </Filter>
  </ItemGroup>
  <ItemGroup>
    <ClCompile Include="Bomberman.cpp">
      <Filter>Source Files</Filter>
    </ClCompile>
    <ClCompile Include="BombCommand.cpp">
      <Filter>SubCommands</Filter>
    </ClCompile>
    <ClCompile Include="HealthCommand.cpp">
      <Filter>SubCommands</Filter>
    </ClCompile>
    <ClCompile Include="MovementCommand.cpp">
      <Filter>SubCommands</Filter>
    </ClCompile>
    <ClCompile Include="ScoreCommand.cpp">
      <Filter>SubCommands</Filter>
    </ClCompile>
    <ClCompile Include="FPSComponent.cpp">
      <Filter>SubComponents</Filter>
    </ClCompile>
    <ClCompile Include="HealthComponent.cpp">
      <Filter>SubComponents</Filter>
    </ClCompile>
    <ClCompile Include="RotationComponent.cpp">
      <Filter>SubComponents</Filter>
    </ClCompile>
    <ClCompile Include="ScoreComponent.cpp">
      <Filter>SubComponents</Filter>
    </ClCompile>
    <ClCompile Include="ScoreDisplay.cpp">
      <Filter>SubDisplays</Filter>
    </ClCompile>
    <ClCompile Include="HealthDisplay.cpp">
      <Filter>SubDisplays</Filter>
    </ClCompile>
    <ClCompile Include="CameraComponent.cpp">
      <Filter>SubComponents</Filter>
    </ClCompile>
    <ClCompile Include="..\Minigin\GameStateManager.cpp">
      <Filter>GameState</Filter>
    </ClCompile>
    <ClCompile Include="..\Minigin\HighscoreState.cpp">
      <Filter>GameState</Filter>
    </ClCompile>
    <ClCompile Include="..\Minigin\MenuState.cpp">
      <Filter>GameState</Filter>
    </ClCompile>
    <ClCompile Include="..\Minigin\PlayingState.cpp">
      <Filter>GameState</Filter>
    </ClCompile>
    <ClCompile Include="..\Minigin\StageState.cpp">
      <Filter>GameState</Filter>
    </ClCompile>
    <ClCompile Include="..\Minigin\BoundingBoxComponent.cpp">
      <Filter>SubComponents</Filter>
    </ClCompile>
    <ClCompile Include="PlayerComponent.cpp">
      <Filter>SubComponents</Filter>
    </ClCompile>
    <ClCompile Include="BombDisplay.cpp">
      <Filter>SubDisplays</Filter>
    </ClCompile>
    <ClCompile Include="ChaserBehaviorComponent.cpp">
      <Filter>SubComponents\EmenyComponents</Filter>
    </ClCompile>
    <ClCompile Include="EnemyCollisionComponent.cpp">
      <Filter>SubComponents\EmenyComponents</Filter>
    </ClCompile>
    <ClCompile Include="RoamerBehaviorComponent.cpp">
      <Filter>SubComponents\EmenyComponents</Filter>
    </ClCompile>
    <ClCompile Include="BombComponent.cpp">
      <Filter>SubComponents\BombComponents</Filter>
    </ClCompile>
    <ClCompile Include="ExplosionComponent.cpp">
      <Filter>SubComponents\BombComponents</Filter>
    </ClCompile>
  </ItemGroup>
  <ItemGroup>
    <ClInclude Include="HealthCommand.h">
      <Filter>SubCommands</Filter>
    </ClInclude>
    <ClInclude Include="MovementCommand.h">
      <Filter>SubCommands</Filter>
    </ClInclude>
    <ClInclude Include="ScoreCommand.h">
      <Filter>SubCommands</Filter>
    </ClInclude>
    <ClInclude Include="BombCommand.h">
      <Filter>SubCommands</Filter>
    </ClInclude>
    <ClInclude Include="FPSComponent.h">
      <Filter>SubComponents</Filter>
    </ClInclude>
    <ClInclude Include="HealthComponent.h">
      <Filter>SubComponents</Filter>
    </ClInclude>
    <ClInclude Include="RotationComponent.h">
      <Filter>SubComponents</Filter>
    </ClInclude>
    <ClInclude Include="ScoreComponent.h">
      <Filter>SubComponents</Filter>
    </ClInclude>
    <ClInclude Include="ScoreDisplay.h">
      <Filter>SubDisplays</Filter>
    </ClInclude>
    <ClInclude Include="HealthDisplay.h">
      <Filter>SubDisplays</Filter>
    </ClInclude>
    <ClInclude Include="CameraComponent.h">
      <Filter>SubComponents</Filter>
    </ClInclude>
    <ClInclude Include="..\Minigin\GameStateManager.h">
      <Filter>GameState</Filter>
    </ClInclude>
    <ClInclude Include="..\Minigin\HighscoreState.h">
      <Filter>GameState</Filter>
    </ClInclude>
    <ClInclude Include="..\Minigin\MenuState.h">
      <Filter>GameState</Filter>
    </ClInclude>
    <ClInclude Include="..\Minigin\PlayingState.h">
      <Filter>GameState</Filter>
    </ClInclude>
    <ClInclude Include="..\Minigin\StageState.h">
      <Filter>GameState</Filter>
    </ClInclude>
    <ClInclude Include="..\Minigin\BoundingBoxComponent.h">
      <Filter>SubComponents</Filter>
    </ClInclude>
    <ClInclude Include="PlayerComponent.h">
      <Filter>SubComponents</Filter>
    </ClInclude>
    <ClInclude Include="BombDisplay.h">
      <Filter>SubDisplays</Filter>
    </ClInclude>
    <ClInclude Include="ChaserBehaviorComponent.h">
      <Filter>SubComponents\EmenyComponents</Filter>
    </ClInclude>
    <ClInclude Include="EnemyCollisionComponent.h">
      <Filter>SubComponents\EmenyComponents</Filter>
    </ClInclude>
    <ClInclude Include="RoamerBehaviorComponent.h">
      <Filter>SubComponents\EmenyComponents</Filter>
    </ClInclude>
    <ClInclude Include="BombComponent.h">
      <Filter>SubComponents\BombComponents</Filter>
    </ClInclude>
    <ClInclude Include="ExplosionComponent.h">
      <Filter>SubComponents\BombComponents</Filter>
    </ClInclude>
  </ItemGroup>
</Project>